// !$*UTF8*$!
{
	archiveVersion = 1;
	classes = {
	};
	objectVersion = 50;
	objects = {

/* Begin PBXBuildFile section */
		9D4D7986268E22A1000DF117 /* AppDelegate.swift in Sources */ = {isa = PBXBuildFile; fileRef = 9D4D7985268E22A1000DF117 /* AppDelegate.swift */; };
		9D4D798F268E22A2000DF117 /* Assets.xcassets in Resources */ = {isa = PBXBuildFile; fileRef = 9D4D798E268E22A2000DF117 /* Assets.xcassets */; };
		9D4D799D268E22A2000DF117 /* vezbaTests.swift in Sources */ = {isa = PBXBuildFile; fileRef = 9D4D799C268E22A2000DF117 /* vezbaTests.swift */; };
		9D4D79A8268E22A3000DF117 /* vezbaUITests.swift in Sources */ = {isa = PBXBuildFile; fileRef = 9D4D79A7268E22A3000DF117 /* vezbaUITests.swift */; };
		9D4D79C3269046BF000DF117 /* FIirstViewController.swift in Sources */ = {isa = PBXBuildFile; fileRef = 9D4D79C1269046BF000DF117 /* FIirstViewController.swift */; };
		9D4D79C4269046BF000DF117 /* FIirstViewController.xib in Resources */ = {isa = PBXBuildFile; fileRef = 9D4D79C2269046BF000DF117 /* FIirstViewController.xib */; };
		9D4D79CD269046D9000DF117 /* SecondViewController.swift in Sources */ = {isa = PBXBuildFile; fileRef = 9D4D79CB269046D9000DF117 /* SecondViewController.swift */; };
		9D4D79CE269046D9000DF117 /* SecondViewController.xib in Resources */ = {isa = PBXBuildFile; fileRef = 9D4D79CC269046D9000DF117 /* SecondViewController.xib */; };
		9D4D79D4269046FD000DF117 /* HomeViewController.swift in Sources */ = {isa = PBXBuildFile; fileRef = 9D4D79D2269046FD000DF117 /* HomeViewController.swift */; };
		9D4D79D5269046FD000DF117 /* HomeViewController.xib in Resources */ = {isa = PBXBuildFile; fileRef = 9D4D79D3269046FD000DF117 /* HomeViewController.xib */; };
		9D4D79DD2690477C000DF117 /* AppCoordinator.swift in Sources */ = {isa = PBXBuildFile; fileRef = 9D4D79DC2690477C000DF117 /* AppCoordinator.swift */; };
		9D6B715E2691096600D28B05 /* CarTableViewCell.swift in Sources */ = {isa = PBXBuildFile; fileRef = 9D6B715C2691096600D28B05 /* CarTableViewCell.swift */; };
		9D6B715F2691096600D28B05 /* CarTableViewCell.xib in Resources */ = {isa = PBXBuildFile; fileRef = 9D6B715D2691096600D28B05 /* CarTableViewCell.xib */; };
		9D6B7164269188F800D28B05 /* car.swift in Sources */ = {isa = PBXBuildFile; fileRef = 9D6B7163269188F800D28B05 /* car.swift */; };
		9D6B7169269343CA00D28B05 /* homeDataSource.swift in Sources */ = {isa = PBXBuildFile; fileRef = 9D6B7168269343CA00D28B05 /* homeDataSource.swift */; };
/* End PBXBuildFile section */

/* Begin PBXContainerItemProxy section */
		9D4D7999268E22A2000DF117 /* PBXContainerItemProxy */ = {
			isa = PBXContainerItemProxy;
			containerPortal = 9D4D797A268E22A1000DF117 /* Project object */;
			proxyType = 1;
			remoteGlobalIDString = 9D4D7981268E22A1000DF117;
			remoteInfo = vezba;
		};
		9D4D79A4268E22A3000DF117 /* PBXContainerItemProxy */ = {
			isa = PBXContainerItemProxy;
			containerPortal = 9D4D797A268E22A1000DF117 /* Project object */;
			proxyType = 1;
			remoteGlobalIDString = 9D4D7981268E22A1000DF117;
			remoteInfo = vezba;
		};
/* End PBXContainerItemProxy section */

/* Begin PBXFileReference section */
		9D4D7982268E22A1000DF117 /* vezba.app */ = {isa = PBXFileReference; explicitFileType = wrapper.application; includeInIndex = 0; path = vezba.app; sourceTree = BUILT_PRODUCTS_DIR; };
		9D4D7985268E22A1000DF117 /* AppDelegate.swift */ = {isa = PBXFileReference; lastKnownFileType = sourcecode.swift; path = AppDelegate.swift; sourceTree = "<group>"; };
		9D4D798E268E22A2000DF117 /* Assets.xcassets */ = {isa = PBXFileReference; lastKnownFileType = folder.assetcatalog; path = Assets.xcassets; sourceTree = "<group>"; };
		9D4D7993268E22A2000DF117 /* Info.plist */ = {isa = PBXFileReference; lastKnownFileType = text.plist.xml; path = Info.plist; sourceTree = "<group>"; };
		9D4D7998268E22A2000DF117 /* vezbaTests.xctest */ = {isa = PBXFileReference; explicitFileType = wrapper.cfbundle; includeInIndex = 0; path = vezbaTests.xctest; sourceTree = BUILT_PRODUCTS_DIR; };
		9D4D799C268E22A2000DF117 /* vezbaTests.swift */ = {isa = PBXFileReference; lastKnownFileType = sourcecode.swift; path = vezbaTests.swift; sourceTree = "<group>"; };
		9D4D799E268E22A2000DF117 /* Info.plist */ = {isa = PBXFileReference; lastKnownFileType = text.plist.xml; path = Info.plist; sourceTree = "<group>"; };
		9D4D79A3268E22A3000DF117 /* vezbaUITests.xctest */ = {isa = PBXFileReference; explicitFileType = wrapper.cfbundle; includeInIndex = 0; path = vezbaUITests.xctest; sourceTree = BUILT_PRODUCTS_DIR; };
		9D4D79A7268E22A3000DF117 /* vezbaUITests.swift */ = {isa = PBXFileReference; lastKnownFileType = sourcecode.swift; path = vezbaUITests.swift; sourceTree = "<group>"; };
		9D4D79A9268E22A3000DF117 /* Info.plist */ = {isa = PBXFileReference; lastKnownFileType = text.plist.xml; path = Info.plist; sourceTree = "<group>"; };
		9D4D79C1269046BF000DF117 /* FIirstViewController.swift */ = {isa = PBXFileReference; lastKnownFileType = sourcecode.swift; path = FIirstViewController.swift; sourceTree = "<group>"; };
		9D4D79C2269046BF000DF117 /* FIirstViewController.xib */ = {isa = PBXFileReference; lastKnownFileType = file.xib; path = FIirstViewController.xib; sourceTree = "<group>"; };
		9D4D79CB269046D9000DF117 /* SecondViewController.swift */ = {isa = PBXFileReference; lastKnownFileType = sourcecode.swift; path = SecondViewController.swift; sourceTree = "<group>"; };
		9D4D79CC269046D9000DF117 /* SecondViewController.xib */ = {isa = PBXFileReference; lastKnownFileType = file.xib; path = SecondViewController.xib; sourceTree = "<group>"; };
		9D4D79D2269046FD000DF117 /* HomeViewController.swift */ = {isa = PBXFileReference; lastKnownFileType = sourcecode.swift; path = HomeViewController.swift; sourceTree = "<group>"; };
		9D4D79D3269046FD000DF117 /* HomeViewController.xib */ = {isa = PBXFileReference; lastKnownFileType = file.xib; path = HomeViewController.xib; sourceTree = "<group>"; };
		9D4D79DC2690477C000DF117 /* AppCoordinator.swift */ = {isa = PBXFileReference; lastKnownFileType = sourcecode.swift; path = AppCoordinator.swift; sourceTree = "<group>"; };
		9D6B715C2691096600D28B05 /* CarTableViewCell.swift */ = {isa = PBXFileReference; lastKnownFileType = sourcecode.swift; path = CarTableViewCell.swift; sourceTree = "<group>"; };
		9D6B715D2691096600D28B05 /* CarTableViewCell.xib */ = {isa = PBXFileReference; lastKnownFileType = file.xib; path = CarTableViewCell.xib; sourceTree = "<group>"; };
		9D6B7163269188F800D28B05 /* car.swift */ = {isa = PBXFileReference; lastKnownFileType = sourcecode.swift; path = car.swift; sourceTree = "<group>"; };
		9D6B7168269343CA00D28B05 /* homeDataSource.swift */ = {isa = PBXFileReference; lastKnownFileType = sourcecode.swift; path = homeDataSource.swift; sourceTree = "<group>"; };
/* End PBXFileReference section */

/* Begin PBXFrameworksBuildPhase section */
		9D4D797F268E22A1000DF117 /* Frameworks */ = {
			isa = PBXFrameworksBuildPhase;
			buildActionMask = 2147483647;
			files = (
			);
			runOnlyForDeploymentPostprocessing = 0;
		};
		9D4D7995268E22A2000DF117 /* Frameworks */ = {
			isa = PBXFrameworksBuildPhase;
			buildActionMask = 2147483647;
			files = (
			);
			runOnlyForDeploymentPostprocessing = 0;
		};
		9D4D79A0268E22A3000DF117 /* Frameworks */ = {
			isa = PBXFrameworksBuildPhase;
			buildActionMask = 2147483647;
			files = (
			);
			runOnlyForDeploymentPostprocessing = 0;
		};
/* End PBXFrameworksBuildPhase section */

/* Begin PBXGroup section */
		9D4D7979268E22A1000DF117 = {
			isa = PBXGroup;
			children = (
				9D4D7984268E22A1000DF117 /* vezba */,
				9D4D799B268E22A2000DF117 /* vezbaTests */,
				9D4D79A6268E22A3000DF117 /* vezbaUITests */,
				9D4D7983268E22A1000DF117 /* Products */,
			);
			sourceTree = "<group>";
		};
		9D4D7983268E22A1000DF117 /* Products */ = {
			isa = PBXGroup;
			children = (
				9D4D7982268E22A1000DF117 /* vezba.app */,
				9D4D7998268E22A2000DF117 /* vezbaTests.xctest */,
				9D4D79A3268E22A3000DF117 /* vezbaUITests.xctest */,
			);
			name = Products;
			sourceTree = "<group>";
		};
		9D4D7984268E22A1000DF117 /* vezba */ = {
			isa = PBXGroup;
			children = (
				9D4D79C02690450C000DF117 /* UI */,
				9D4D79BF269044FE000DF117 /* Domain */,
				9D4D79BE269044EE000DF117 /* Main */,
				9D4D7993268E22A2000DF117 /* Info.plist */,
			);
			path = vezba;
			sourceTree = "<group>";
		};
		9D4D799B268E22A2000DF117 /* vezbaTests */ = {
			isa = PBXGroup;
			children = (
				9D4D799C268E22A2000DF117 /* vezbaTests.swift */,
				9D4D799E268E22A2000DF117 /* Info.plist */,
			);
			path = vezbaTests;
			sourceTree = "<group>";
		};
		9D4D79A6268E22A3000DF117 /* vezbaUITests */ = {
			isa = PBXGroup;
			children = (
				9D4D79A7268E22A3000DF117 /* vezbaUITests.swift */,
				9D4D79A9268E22A3000DF117 /* Info.plist */,
			);
			path = vezbaUITests;
			sourceTree = "<group>";
		};
		9D4D79BE269044EE000DF117 /* Main */ = {
			isa = PBXGroup;
			children = (
				9D4D7985268E22A1000DF117 /* AppDelegate.swift */,
			);
			path = Main;
			sourceTree = "<group>";
		};
		9D4D79BF269044FE000DF117 /* Domain */ = {
			isa = PBXGroup;
			children = (
				9D6B7163269188F800D28B05 /* car.swift */,
			);
			path = Domain;
			sourceTree = "<group>";
		};
		9D4D79C02690450C000DF117 /* UI */ = {
			isa = PBXGroup;
			children = (
				9D4D798E268E22A2000DF117 /* Assets.xcassets */,
				9D4D79DB2690474A000DF117 /* Second */,
				9D4D79DA26904729000DF117 /* First */,
				9D4D79D92690470B000DF117 /* Home */,
				9D4D79DC2690477C000DF117 /* AppCoordinator.swift */,
			);
			path = UI;
			sourceTree = "<group>";
		};
		9D4D79D92690470B000DF117 /* Home */ = {
			isa = PBXGroup;
			children = (
				9D4D79D3269046FD000DF117 /* HomeViewController.xib */,
				9D4D79D2269046FD000DF117 /* HomeViewController.swift */,
			);
			path = Home;
			sourceTree = "<group>";
		};
		9D4D79DA26904729000DF117 /* First */ = {
			isa = PBXGroup;
			children = (
				9D6B7168269343CA00D28B05 /* homeDataSource.swift */,
				9D4D79C2269046BF000DF117 /* FIirstViewController.xib */,
				9D4D79C1269046BF000DF117 /* FIirstViewController.swift */,
				9D6B715C2691096600D28B05 /* CarTableViewCell.swift */,
				9D6B715D2691096600D28B05 /* CarTableViewCell.xib */,
			);
			path = First;
			sourceTree = "<group>";
		};
		9D4D79DB2690474A000DF117 /* Second */ = {
			isa = PBXGroup;
			children = (
				9D4D79CC269046D9000DF117 /* SecondViewController.xib */,
				9D4D79CB269046D9000DF117 /* SecondViewController.swift */,
			);
			path = Second;
			sourceTree = "<group>";
		};
/* End PBXGroup section */

/* Begin PBXNativeTarget section */
		9D4D7981268E22A1000DF117 /* vezba */ = {
			isa = PBXNativeTarget;
			buildConfigurationList = 9D4D79AC268E22A3000DF117 /* Build configuration list for PBXNativeTarget "vezba" */;
			buildPhases = (
				9D4D797E268E22A1000DF117 /* Sources */,
				9D4D797F268E22A1000DF117 /* Frameworks */,
				9D4D7980268E22A1000DF117 /* Resources */,
			);
			buildRules = (
			);
			dependencies = (
			);
			name = vezba;
			productName = vezba;
			productReference = 9D4D7982268E22A1000DF117 /* vezba.app */;
			productType = "com.apple.product-type.application";
		};
		9D4D7997268E22A2000DF117 /* vezbaTests */ = {
			isa = PBXNativeTarget;
			buildConfigurationList = 9D4D79AF268E22A3000DF117 /* Build configuration list for PBXNativeTarget "vezbaTests" */;
			buildPhases = (
				9D4D7994268E22A2000DF117 /* Sources */,
				9D4D7995268E22A2000DF117 /* Frameworks */,
				9D4D7996268E22A2000DF117 /* Resources */,
			);
			buildRules = (
			);
			dependencies = (
				9D4D799A268E22A2000DF117 /* PBXTargetDependency */,
			);
			name = vezbaTests;
			productName = vezbaTests;
			productReference = 9D4D7998268E22A2000DF117 /* vezbaTests.xctest */;
			productType = "com.apple.product-type.bundle.unit-test";
		};
		9D4D79A2268E22A3000DF117 /* vezbaUITests */ = {
			isa = PBXNativeTarget;
			buildConfigurationList = 9D4D79B2268E22A3000DF117 /* Build configuration list for PBXNativeTarget "vezbaUITests" */;
			buildPhases = (
				9D4D799F268E22A3000DF117 /* Sources */,
				9D4D79A0268E22A3000DF117 /* Frameworks */,
				9D4D79A1268E22A3000DF117 /* Resources */,
			);
			buildRules = (
			);
			dependencies = (
				9D4D79A5268E22A3000DF117 /* PBXTargetDependency */,
			);
			name = vezbaUITests;
			productName = vezbaUITests;
			productReference = 9D4D79A3268E22A3000DF117 /* vezbaUITests.xctest */;
			productType = "com.apple.product-type.bundle.ui-testing";
		};
/* End PBXNativeTarget section */

/* Begin PBXProject section */
		9D4D797A268E22A1000DF117 /* Project object */ = {
			isa = PBXProject;
			attributes = {
				LastSwiftUpdateCheck = 1230;
				LastUpgradeCheck = 1230;
				TargetAttributes = {
					9D4D7981268E22A1000DF117 = {
						CreatedOnToolsVersion = 12.3;
					};
					9D4D7997268E22A2000DF117 = {
						CreatedOnToolsVersion = 12.3;
						TestTargetID = 9D4D7981268E22A1000DF117;
					};
					9D4D79A2268E22A3000DF117 = {
						CreatedOnToolsVersion = 12.3;
						TestTargetID = 9D4D7981268E22A1000DF117;
					};
				};
			};
			buildConfigurationList = 9D4D797D268E22A1000DF117 /* Build configuration list for PBXProject "vezba" */;
			compatibilityVersion = "Xcode 9.3";
			developmentRegion = en;
			hasScannedForEncodings = 0;
			knownRegions = (
				en,
				Base,
			);
			mainGroup = 9D4D7979268E22A1000DF117;
			productRefGroup = 9D4D7983268E22A1000DF117 /* Products */;
			projectDirPath = "";
			projectRoot = "";
			targets = (
				9D4D7981268E22A1000DF117 /* vezba */,
				9D4D7997268E22A2000DF117 /* vezbaTests */,
				9D4D79A2268E22A3000DF117 /* vezbaUITests */,
			);
		};
/* End PBXProject section */

/* Begin PBXResourcesBuildPhase section */
		9D4D7980268E22A1000DF117 /* Resources */ = {
			isa = PBXResourcesBuildPhase;
			buildActionMask = 2147483647;
			files = (
				9D4D798F268E22A2000DF117 /* Assets.xcassets in Resources */,
				9D4D79C4269046BF000DF117 /* FIirstViewController.xib in Resources */,
				9D6B715F2691096600D28B05 /* CarTableViewCell.xib in Resources */,
				9D4D79CE269046D9000DF117 /* SecondViewController.xib in Resources */,
				9D4D79D5269046FD000DF117 /* HomeViewController.xib in Resources */,
			);
			runOnlyForDeploymentPostprocessing = 0;
		};
		9D4D7996268E22A2000DF117 /* Resources */ = {
			isa = PBXResourcesBuildPhase;
			buildActionMask = 2147483647;
			files = (
			);
			runOnlyForDeploymentPostprocessing = 0;
		};
		9D4D79A1268E22A3000DF117 /* Resources */ = {
			isa = PBXResourcesBuildPhase;
			buildActionMask = 2147483647;
			files = (
			);
			runOnlyForDeploymentPostprocessing = 0;
		};
/* End PBXResourcesBuildPhase section */

/* Begin PBXSourcesBuildPhase section */
		9D4D797E268E22A1000DF117 /* Sources */ = {
			isa = PBXSourcesBuildPhase;
			buildActionMask = 2147483647;
			files = (
				9D4D79C3269046BF000DF117 /* FIirstViewController.swift in Sources */,
				9D4D7986268E22A1000DF117 /* AppDelegate.swift in Sources */,
				9D6B7164269188F800D28B05 /* car.swift in Sources */,
				9D6B7169269343CA00D28B05 /* homeDataSource.swift in Sources */,
				9D6B715E2691096600D28B05 /* CarTableViewCell.swift in Sources */,
				9D4D79CD269046D9000DF117 /* SecondViewController.swift in Sources */,
				9D4D79D4269046FD000DF117 /* HomeViewController.swift in Sources */,
				9D4D79DD2690477C000DF117 /* AppCoordinator.swift in Sources */,
			);
			runOnlyForDeploymentPostprocessing = 0;
		};
		9D4D7994268E22A2000DF117 /* Sources */ = {
			isa = PBXSourcesBuildPhase;
			buildActionMask = 2147483647;
			files = (
				9D4D799D268E22A2000DF117 /* vezbaTests.swift in Sources */,
			);
			runOnlyForDeploymentPostprocessing = 0;
		};
		9D4D799F268E22A3000DF117 /* Sources */ = {
			isa = PBXSourcesBuildPhase;
			buildActionMask = 2147483647;
			files = (
				9D4D79A8268E22A3000DF117 /* vezbaUITests.swift in Sources */,
			);
			runOnlyForDeploymentPostprocessing = 0;
		};
/* End PBXSourcesBuildPhase section */

/* Begin PBXTargetDependency section */
		9D4D799A268E22A2000DF117 /* PBXTargetDependency */ = {
			isa = PBXTargetDependency;
			target = 9D4D7981268E22A1000DF117 /* vezba */;
			targetProxy = 9D4D7999268E22A2000DF117 /* PBXContainerItemProxy */;
		};
		9D4D79A5268E22A3000DF117 /* PBXTargetDependency */ = {
			isa = PBXTargetDependency;
			target = 9D4D7981268E22A1000DF117 /* vezba */;
			targetProxy = 9D4D79A4268E22A3000DF117 /* PBXContainerItemProxy */;
		};
/* End PBXTargetDependency section */

/* Begin XCBuildConfiguration section */
		9D4D79AA268E22A3000DF117 /* Debug */ = {
			isa = XCBuildConfiguration;
			buildSettings = {
				ALWAYS_SEARCH_USER_PATHS = NO;
				CLANG_ANALYZER_NONNULL = YES;
				CLANG_ANALYZER_NUMBER_OBJECT_CONVERSION = YES_AGGRESSIVE;
				CLANG_CXX_LANGUAGE_STANDARD = "gnu++14";
				CLANG_CXX_LIBRARY = "libc++";
				CLANG_ENABLE_MODULES = YES;
				CLANG_ENABLE_OBJC_ARC = YES;
				CLANG_ENABLE_OBJC_WEAK = YES;
				CLANG_WARN_BLOCK_CAPTURE_AUTORELEASING = YES;
				CLANG_WARN_BOOL_CONVERSION = YES;
				CLANG_WARN_COMMA = YES;
				CLANG_WARN_CONSTANT_CONVERSION = YES;
				CLANG_WARN_DEPRECATED_OBJC_IMPLEMENTATIONS = YES;
				CLANG_WARN_DIRECT_OBJC_ISA_USAGE = YES_ERROR;
				CLANG_WARN_DOCUMENTATION_COMMENTS = YES;
				CLANG_WARN_EMPTY_BODY = YES;
				CLANG_WARN_ENUM_CONVERSION = YES;
				CLANG_WARN_INFINITE_RECURSION = YES;
				CLANG_WARN_INT_CONVERSION = YES;
				CLANG_WARN_NON_LITERAL_NULL_CONVERSION = YES;
				CLANG_WARN_OBJC_IMPLICIT_RETAIN_SELF = YES;
				CLANG_WARN_OBJC_LITERAL_CONVERSION = YES;
				CLANG_WARN_OBJC_ROOT_CLASS = YES_ERROR;
				CLANG_WARN_QUOTED_INCLUDE_IN_FRAMEWORK_HEADER = YES;
				CLANG_WARN_RANGE_LOOP_ANALYSIS = YES;
				CLANG_WARN_STRICT_PROTOTYPES = YES;
				CLANG_WARN_SUSPICIOUS_MOVE = YES;
				CLANG_WARN_UNGUARDED_AVAILABILITY = YES_AGGRESSIVE;
				CLANG_WARN_UNREACHABLE_CODE = YES;
				CLANG_WARN__DUPLICATE_METHOD_MATCH = YES;
				COPY_PHASE_STRIP = NO;
				DEBUG_INFORMATION_FORMAT = dwarf;
				ENABLE_STRICT_OBJC_MSGSEND = YES;
				ENABLE_TESTABILITY = YES;
				GCC_C_LANGUAGE_STANDARD = gnu11;
				GCC_DYNAMIC_NO_PIC = NO;
				GCC_NO_COMMON_BLOCKS = YES;
				GCC_OPTIMIZATION_LEVEL = 0;
				GCC_PREPROCESSOR_DEFINITIONS = (
					"DEBUG=1",
					"$(inherited)",
				);
				GCC_WARN_64_TO_32_BIT_CONVERSION = YES;
				GCC_WARN_ABOUT_RETURN_TYPE = YES_ERROR;
				GCC_WARN_UNDECLARED_SELECTOR = YES;
				GCC_WARN_UNINITIALIZED_AUTOS = YES_AGGRESSIVE;
				GCC_WARN_UNUSED_FUNCTION = YES;
				GCC_WARN_UNUSED_VARIABLE = YES;
				IPHONEOS_DEPLOYMENT_TARGET = 14.3;
				MTL_ENABLE_DEBUG_INFO = INCLUDE_SOURCE;
				MTL_FAST_MATH = YES;
				ONLY_ACTIVE_ARCH = YES;
				SDKROOT = iphoneos;
				SWIFT_ACTIVE_COMPILATION_CONDITIONS = DEBUG;
				SWIFT_OPTIMIZATION_LEVEL = "-Onone";
			};
			name = Debug;
		};
		9D4D79AB268E22A3000DF117 /* Release */ = {
			isa = XCBuildConfiguration;
			buildSettings = {
				ALWAYS_SEARCH_USER_PATHS = NO;
				CLANG_ANALYZER_NONNULL = YES;
				CLANG_ANALYZER_NUMBER_OBJECT_CONVERSION = YES_AGGRESSIVE;
				CLANG_CXX_LANGUAGE_STANDARD = "gnu++14";
				CLANG_CXX_LIBRARY = "libc++";
				CLANG_ENABLE_MODULES = YES;
				CLANG_ENABLE_OBJC_ARC = YES;
				CLANG_ENABLE_OBJC_WEAK = YES;
				CLANG_WARN_BLOCK_CAPTURE_AUTORELEASING = YES;
				CLANG_WARN_BOOL_CONVERSION = YES;
				CLANG_WARN_COMMA = YES;
				CLANG_WARN_CONSTANT_CONVERSION = YES;
				CLANG_WARN_DEPRECATED_OBJC_IMPLEMENTATIONS = YES;
				CLANG_WARN_DIRECT_OBJC_ISA_USAGE = YES_ERROR;
				CLANG_WARN_DOCUMENTATION_COMMENTS = YES;
				CLANG_WARN_EMPTY_BODY = YES;
				CLANG_WARN_ENUM_CONVERSION = YES;
				CLANG_WARN_INFINITE_RECURSION = YES;
				CLANG_WARN_INT_CONVERSION = YES;
				CLANG_WARN_NON_LITERAL_NULL_CONVERSION = YES;
				CLANG_WARN_OBJC_IMPLICIT_RETAIN_SELF = YES;
				CLANG_WARN_OBJC_LITERAL_CONVERSION = YES;
				CLANG_WARN_OBJC_ROOT_CLASS = YES_ERROR;
				CLANG_WARN_QUOTED_INCLUDE_IN_FRAMEWORK_HEADER = YES;
				CLANG_WARN_RANGE_LOOP_ANALYSIS = YES;
				CLANG_WARN_STRICT_PROTOTYPES = YES;
				CLANG_WARN_SUSPICIOUS_MOVE = YES;
				CLANG_WARN_UNGUARDED_AVAILABILITY = YES_AGGRESSIVE;
				CLANG_WARN_UNREACHABLE_CODE = YES;
				CLANG_WARN__DUPLICATE_METHOD_MATCH = YES;
				COPY_PHASE_STRIP = NO;
				DEBUG_INFORMATION_FORMAT = "dwarf-with-dsym";
				ENABLE_NS_ASSERTIONS = NO;
				ENABLE_STRICT_OBJC_MSGSEND = YES;
				GCC_C_LANGUAGE_STANDARD = gnu11;
				GCC_NO_COMMON_BLOCKS = YES;
				GCC_WARN_64_TO_32_BIT_CONVERSION = YES;
				GCC_WARN_ABOUT_RETURN_TYPE = YES_ERROR;
				GCC_WARN_UNDECLARED_SELECTOR = YES;
				GCC_WARN_UNINITIALIZED_AUTOS = YES_AGGRESSIVE;
				GCC_WARN_UNUSED_FUNCTION = YES;
				GCC_WARN_UNUSED_VARIABLE = YES;
				IPHONEOS_DEPLOYMENT_TARGET = 14.3;
				MTL_ENABLE_DEBUG_INFO = NO;
				MTL_FAST_MATH = YES;
				SDKROOT = iphoneos;
				SWIFT_COMPILATION_MODE = wholemodule;
				SWIFT_OPTIMIZATION_LEVEL = "-O";
				VALIDATE_PRODUCT = YES;
			};
			name = Release;
		};
		9D4D79AD268E22A3000DF117 /* Debug */ = {
			isa = XCBuildConfiguration;
			buildSettings = {
				ASSETCATALOG_COMPILER_APPICON_NAME = AppIcon;
				ASSETCATALOG_COMPILER_GLOBAL_ACCENT_COLOR_NAME = AccentColor;
				CODE_SIGN_STYLE = Automatic;
				DEVELOPMENT_TEAM = H8V65WQSV5;
				INFOPLIST_FILE = vezba/Info.plist;
				IPHONEOS_DEPLOYMENT_TARGET = 11.0;
				LD_RUNPATH_SEARCH_PATHS = (
					"$(inherited)",
					"@executable_path/Frameworks",
				);
				PRODUCT_BUNDLE_IDENTIFIER = com.lbabovic.vezba;
				PRODUCT_NAME = "$(TARGET_NAME)";
				SWIFT_VERSION = 5.0;
				TARGETED_DEVICE_FAMILY = 1;
			};
			name = Debug;
		};
		9D4D79AE268E22A3000DF117 /* Release */ = {
			isa = XCBuildConfiguration;
			buildSettings = {
				ASSETCATALOG_COMPILER_APPICON_NAME = AppIcon;
				ASSETCATALOG_COMPILER_GLOBAL_ACCENT_COLOR_NAME = AccentColor;
				CODE_SIGN_STYLE = Automatic;
				DEVELOPMENT_TEAM = H8V65WQSV5;
				INFOPLIST_FILE = vezba/Info.plist;
				IPHONEOS_DEPLOYMENT_TARGET = 11.0;
				LD_RUNPATH_SEARCH_PATHS = (
					"$(inherited)",
					"@executable_path/Frameworks",
				);
				PRODUCT_BUNDLE_IDENTIFIER = com.lbabovic.vezba;
				PRODUCT_NAME = "$(TARGET_NAME)";
				SWIFT_VERSION = 5.0;
				TARGETED_DEVICE_FAMILY = 1;
			};
			name = Release;
		};
		9D4D79B0268E22A3000DF117 /* Debug */ = {
			isa = XCBuildConfiguration;
			buildSettings = {
				ALWAYS_EMBED_SWIFT_STANDARD_LIBRARIES = YES;
				BUNDLE_LOADER = "$(TEST_HOST)";
				CODE_SIGN_STYLE = Automatic;
				DEVELOPMENT_TEAM = H8V65WQSV5;
				INFOPLIST_FILE = vezbaTests/Info.plist;
				IPHONEOS_DEPLOYMENT_TARGET = 14.3;
				LD_RUNPATH_SEARCH_PATHS = (
					"$(inherited)",
					"@executable_path/Frameworks",
					"@loader_path/Frameworks",
				);
				PRODUCT_BUNDLE_IDENTIFIER = com.lbabovic.vezbaTests;
				PRODUCT_NAME = "$(TARGET_NAME)";
				SWIFT_VERSION = 5.0;
				TARGETED_DEVICE_FAMILY = "1,2";
				TEST_HOST = "$(BUILT_PRODUCTS_DIR)/vezba.app/vezba";
			};
			name = Debug;
		};
		9D4D79B1268E22A3000DF117 /* Release */ = {
			isa = XCBuildConfiguration;
			buildSettings = {
				ALWAYS_EMBED_SWIFT_STANDARD_LIBRARIES = YES;
				BUNDLE_LOADER = "$(TEST_HOST)";
				CODE_SIGN_STYLE = Automatic;
				DEVELOPMENT_TEAM = H8V65WQSV5;
				INFOPLIST_FILE = vezbaTests/Info.plist;
				IPHONEOS_DEPLOYMENT_TARGET = 14.3;
				LD_RUNPATH_SEARCH_PATHS = (
					"$(inherited)",
					"@executable_path/Frameworks",
					"@loader_path/Frameworks",
				);
				PRODUCT_BUNDLE_IDENTIFIER = com.lbabovic.vezbaTests;
				PRODUCT_NAME = "$(TARGET_NAME)";
				SWIFT_VERSION = 5.0;
				TARGETED_DEVICE_FAMILY = "1,2";
				TEST_HOST = "$(BUILT_PRODUCTS_DIR)/vezba.app/vezba";
			};
			name = Release;
		};
		9D4D79B3268E22A3000DF117 /* Debug */ = {
			isa = XCBuildConfiguration;
			buildSettings = {
				ALWAYS_EMBED_SWIFT_STANDARD_LIBRARIES = YES;
				CODE_SIGN_STYLE = Automatic;
				DEVELOPMENT_TEAM = H8V65WQSV5;
				INFOPLIST_FILE = vezbaUITests/Info.plist;
				LD_RUNPATH_SEARCH_PATHS = (
					"$(inherited)",
					"@executable_path/Frameworks",
					"@loader_path/Frameworks",
				);
				PRODUCT_BUNDLE_IDENTIFIER = com.lbabovic.vezbaUITests;
				PRODUCT_NAME = "$(TARGET_NAME)";
				SWIFT_VERSION = 5.0;
				TARGETED_DEVICE_FAMILY = "1,2";
				TEST_TARGET_NAME = vezba;
			};
			name = Debug;
		};
		9D4D79B4268E22A3000DF117 /* Release */ = {
			isa = XCBuildConfiguration;
			buildSettings = {
				ALWAYS_EMBED_SWIFT_STANDARD_LIBRARIES = YES;
				CODE_SIGN_STYLE = Automatic;
				DEVELOPMENT_TEAM = H8V65WQSV5;
				INFOPLIST_FILE = vezbaUITests/Info.plist;
				LD_RUNPATH_SEARCH_PATHS = (
					"$(inherited)",
					"@executable_path/Frameworks",
					"@loader_path/Frameworks",
				);
				PRODUCT_BUNDLE_IDENTIFIER = com.lbabovic.vezbaUITests;
				PRODUCT_NAME = "$(TARGET_NAME)";
				SWIFT_VERSION = 5.0;
				TARGETED_DEVICE_FAMILY = "1,2";
				TEST_TARGET_NAME = vezba;
			};
			name = Release;
		};
/* End XCBuildConfiguration section */

/* Begin XCConfigurationList section */
		9D4D797D268E22A1000DF117 /* Build configuration list for PBXProject "vezba" */ = {
			isa = XCConfigurationList;
			buildConfigurations = (
				9D4D79AA268E22A3000DF117 /* Debug */,
				9D4D79AB268E22A3000DF117 /* Release */,
			);
			defaultConfigurationIsVisible = 0;
			defaultConfigurationName = Release;
		};
		9D4D79AC268E22A3000DF117 /* Build configuration list for PBXNativeTarget "vezba" */ = {
			isa = XCConfigurationList;
			buildConfigurations = (
				9D4D79AD268E22A3000DF117 /* Debug */,
				9D4D79AE268E22A3000DF117 /* Release */,
			);
			defaultConfigurationIsVisible = 0;
			defaultConfigurationName = Release;
		};
		9D4D79AF268E22A3000DF117 /* Build configuration list for PBXNativeTarget "vezbaTests" */ = {
			isa = XCConfigurationList;
			buildConfigurations = (
				9D4D79B0268E22A3000DF117 /* Debug */,
				9D4D79B1268E22A3000DF117 /* Release */,
			);
			defaultConfigurationIsVisible = 0;
			defaultConfigurationName = Release;
		};
		9D4D79B2268E22A3000DF117 /* Build configuration list for PBXNativeTarget "vezbaUITests" */ = {
			isa = XCConfigurationList;
			buildConfigurations = (
				9D4D79B3268E22A3000DF117 /* Debug */,
				9D4D79B4268E22A3000DF117 /* Release */,
			);
			defaultConfigurationIsVisible = 0;
			defaultConfigurationName = Release;
		};
/* End XCConfigurationList section */
	};
	rootObject = 9D4D797A268E22A1000DF117 /* Project object */;
}
